
Microsoft Visual Studio Solution File, Format Version 12.00
# Visual Studio Version 17
VisualStudioVersion = 17.12.35527.113
MinimumVisualStudioVersion = 10.0.40219.1
Project("{FAE04EC0-301F-11D3-BF4B-00C04F79EFBC}") = "DalTest", "DalTest\DalTest.csproj", "{5217341D-AC2F-4E81-A703-221A94088B9E}"
EndProject
Project("{FAE04EC0-301F-11D3-BF4B-00C04F79EFBC}") = "DalFacade", "DalFacade\DalFacade.csproj", "{F3DE14FF-52B5-4D25-BBD2-B920ECF3DF0A}"
EndProject
Project("{FAE04EC0-301F-11D3-BF4B-00C04F79EFBC}") = "DalList", "DalList\DalList.csproj", "{F8DF2CA9-0BDA-476E-8052-D354532E63FF}"
EndProject
Project("{FAE04EC0-301F-11D3-BF4B-00C04F79EFBC}") = "Tool", "Tools--\Tool.csproj", "{82C11A90-8990-4519-BBC8-0F0F0FB579F7}"
EndProject
Project("{2150E333-8FDC-42A3-9474-1A3956D46DE8}") = "xml", "xml", "{8EEF5C12-9E34-49DF-86BE-18BDA5A5807B}"
	ProjectSection(SolutionItems) = preProject
		xml\customers.xml = xml\customers.xml
		xml\dal-config.xml = xml\dal-config.xml
		xml\data-config.xml = xml\data-config.xml
		xml\products.xml = xml\products.xml
		xml\sales.xml = xml\sales.xml
	EndProjectSection
EndProject
Project("{FAE04EC0-301F-11D3-BF4B-00C04F79EFBC}") = "BL", "BL\BL.csproj", "{49CF28A5-E2E5-4943-8CF1-CA7687E0E5FF}"
EndProject
Project("{FAE04EC0-301F-11D3-BF4B-00C04F79EFBC}") = "DalXml", "DalXml\DalXml.csproj", "{15E87993-7196-4B3F-B70C-F42912B0EB5A}"
EndProject
Project("{FAE04EC0-301F-11D3-BF4B-00C04F79EFBC}") = "BlTest", "BlTest\BlTest.csproj", "{E6CBAAE2-19A0-79CF-BBEE-F0E052F4D7AB}"
EndProject
Project("{FAE04EC0-301F-11D3-BF4B-00C04F79EFBC}") = "UI", "UI\UI.csproj", "{2971A244-27F5-4788-81C2-10CE2F4F07B4}"
EndProject
Global
	GlobalSection(SolutionConfigurationPlatforms) = preSolution
		Debug|Any CPU = Debug|Any CPU
		Debug|ARM = Debug|ARM
		Debug|ARM64 = Debug|ARM64
		Debug|x64 = Debug|x64
		Debug|x86 = Debug|x86
		Release|Any CPU = Release|Any CPU
		Release|ARM = Release|ARM
		Release|ARM64 = Release|ARM64
		Release|x64 = Release|x64
		Release|x86 = Release|x86
	EndGlobalSection
	GlobalSection(ProjectConfigurationPlatforms) = postSolution
		{5217341D-AC2F-4E81-A703-221A94088B9E}.Debug|Any CPU.ActiveCfg = Debug|Any CPU
		{5217341D-AC2F-4E81-A703-221A94088B9E}.Debug|Any CPU.Build.0 = Debug|Any CPU
		{5217341D-AC2F-4E81-A703-221A94088B9E}.Debug|ARM.ActiveCfg = Debug|Any CPU
		{5217341D-AC2F-4E81-A703-221A94088B9E}.Debug|ARM.Build.0 = Debug|Any CPU
		{5217341D-AC2F-4E81-A703-221A94088B9E}.Debug|ARM64.ActiveCfg = Debug|Any CPU
		{5217341D-AC2F-4E81-A703-221A94088B9E}.Debug|ARM64.Build.0 = Debug|Any CPU
		{5217341D-AC2F-4E81-A703-221A94088B9E}.Debug|x64.ActiveCfg = Debug|Any CPU
		{5217341D-AC2F-4E81-A703-221A94088B9E}.Debug|x64.Build.0 = Debug|Any CPU
		{5217341D-AC2F-4E81-A703-221A94088B9E}.Debug|x86.ActiveCfg = Debug|Any CPU
		{5217341D-AC2F-4E81-A703-221A94088B9E}.Debug|x86.Build.0 = Debug|Any CPU
		{5217341D-AC2F-4E81-A703-221A94088B9E}.Release|Any CPU.ActiveCfg = Release|Any CPU
		{5217341D-AC2F-4E81-A703-221A94088B9E}.Release|Any CPU.Build.0 = Release|Any CPU
		{5217341D-AC2F-4E81-A703-221A94088B9E}.Release|ARM.ActiveCfg = Release|Any CPU
		{5217341D-AC2F-4E81-A703-221A94088B9E}.Release|ARM.Build.0 = Release|Any CPU
		{5217341D-AC2F-4E81-A703-221A94088B9E}.Release|ARM64.ActiveCfg = Release|Any CPU
		{5217341D-AC2F-4E81-A703-221A94088B9E}.Release|ARM64.Build.0 = Release|Any CPU
		{5217341D-AC2F-4E81-A703-221A94088B9E}.Release|x64.ActiveCfg = Release|Any CPU
		{5217341D-AC2F-4E81-A703-221A94088B9E}.Release|x64.Build.0 = Release|Any CPU
		{5217341D-AC2F-4E81-A703-221A94088B9E}.Release|x86.ActiveCfg = Release|Any CPU
		{5217341D-AC2F-4E81-A703-221A94088B9E}.Release|x86.Build.0 = Release|Any CPU
		{F3DE14FF-52B5-4D25-BBD2-B920ECF3DF0A}.Debug|Any CPU.ActiveCfg = Debug|Any CPU
		{F3DE14FF-52B5-4D25-BBD2-B920ECF3DF0A}.Debug|Any CPU.Build.0 = Debug|Any CPU
		{F3DE14FF-52B5-4D25-BBD2-B920ECF3DF0A}.Debug|ARM.ActiveCfg = Debug|Any CPU
		{F3DE14FF-52B5-4D25-BBD2-B920ECF3DF0A}.Debug|ARM.Build.0 = Debug|Any CPU
		{F3DE14FF-52B5-4D25-BBD2-B920ECF3DF0A}.Debug|ARM64.ActiveCfg = Debug|Any CPU
		{F3DE14FF-52B5-4D25-BBD2-B920ECF3DF0A}.Debug|ARM64.Build.0 = Debug|Any CPU
		{F3DE14FF-52B5-4D25-BBD2-B920ECF3DF0A}.Debug|x64.ActiveCfg = Debug|Any CPU
		{F3DE14FF-52B5-4D25-BBD2-B920ECF3DF0A}.Debug|x64.Build.0 = Debug|Any CPU
		{F3DE14FF-52B5-4D25-BBD2-B920ECF3DF0A}.Debug|x86.ActiveCfg = Debug|Any CPU
		{F3DE14FF-52B5-4D25-BBD2-B920ECF3DF0A}.Debug|x86.Build.0 = Debug|Any CPU
		{F3DE14FF-52B5-4D25-BBD2-B920ECF3DF0A}.Release|Any CPU.ActiveCfg = Release|Any CPU
		{F3DE14FF-52B5-4D25-BBD2-B920ECF3DF0A}.Release|Any CPU.Build.0 = Release|Any CPU
		{F3DE14FF-52B5-4D25-BBD2-B920ECF3DF0A}.Release|ARM.ActiveCfg = Release|Any CPU
		{F3DE14FF-52B5-4D25-BBD2-B920ECF3DF0A}.Release|ARM.Build.0 = Release|Any CPU
		{F3DE14FF-52B5-4D25-BBD2-B920ECF3DF0A}.Release|ARM64.ActiveCfg = Release|Any CPU
		{F3DE14FF-52B5-4D25-BBD2-B920ECF3DF0A}.Release|ARM64.Build.0 = Release|Any CPU
		{F3DE14FF-52B5-4D25-BBD2-B920ECF3DF0A}.Release|x64.ActiveCfg = Release|Any CPU
		{F3DE14FF-52B5-4D25-BBD2-B920ECF3DF0A}.Release|x64.Build.0 = Release|Any CPU
		{F3DE14FF-52B5-4D25-BBD2-B920ECF3DF0A}.Release|x86.ActiveCfg = Release|Any CPU
		{F3DE14FF-52B5-4D25-BBD2-B920ECF3DF0A}.Release|x86.Build.0 = Release|Any CPU
		{F8DF2CA9-0BDA-476E-8052-D354532E63FF}.Debug|Any CPU.ActiveCfg = Debug|Any CPU
		{F8DF2CA9-0BDA-476E-8052-D354532E63FF}.Debug|Any CPU.Build.0 = Debug|Any CPU
		{F8DF2CA9-0BDA-476E-8052-D354532E63FF}.Debug|ARM.ActiveCfg = Debug|Any CPU
		{F8DF2CA9-0BDA-476E-8052-D354532E63FF}.Debug|ARM.Build.0 = Debug|Any CPU
		{F8DF2CA9-0BDA-476E-8052-D354532E63FF}.Debug|ARM64.ActiveCfg = Debug|Any CPU
		{F8DF2CA9-0BDA-476E-8052-D354532E63FF}.Debug|ARM64.Build.0 = Debug|Any CPU
		{F8DF2CA9-0BDA-476E-8052-D354532E63FF}.Debug|x64.ActiveCfg = Debug|Any CPU
		{F8DF2CA9-0BDA-476E-8052-D354532E63FF}.Debug|x64.Build.0 = Debug|Any CPU
		{F8DF2CA9-0BDA-476E-8052-D354532E63FF}.Debug|x86.ActiveCfg = Debug|Any CPU
		{F8DF2CA9-0BDA-476E-8052-D354532E63FF}.Debug|x86.Build.0 = Debug|Any CPU
		{F8DF2CA9-0BDA-476E-8052-D354532E63FF}.Release|Any CPU.ActiveCfg = Release|Any CPU
		{F8DF2CA9-0BDA-476E-8052-D354532E63FF}.Release|Any CPU.Build.0 = Release|Any CPU
		{F8DF2CA9-0BDA-476E-8052-D354532E63FF}.Release|ARM.ActiveCfg = Release|Any CPU
		{F8DF2CA9-0BDA-476E-8052-D354532E63FF}.Release|ARM.Build.0 = Release|Any CPU
		{F8DF2CA9-0BDA-476E-8052-D354532E63FF}.Release|ARM64.ActiveCfg = Release|Any CPU
		{F8DF2CA9-0BDA-476E-8052-D354532E63FF}.Release|ARM64.Build.0 = Release|Any CPU
		{F8DF2CA9-0BDA-476E-8052-D354532E63FF}.Release|x64.ActiveCfg = Release|Any CPU
		{F8DF2CA9-0BDA-476E-8052-D354532E63FF}.Release|x64.Build.0 = Release|Any CPU
		{F8DF2CA9-0BDA-476E-8052-D354532E63FF}.Release|x86.ActiveCfg = Release|Any CPU
		{F8DF2CA9-0BDA-476E-8052-D354532E63FF}.Release|x86.Build.0 = Release|Any CPU
		{82C11A90-8990-4519-BBC8-0F0F0FB579F7}.Debug|Any CPU.ActiveCfg = Debug|Any CPU
		{82C11A90-8990-4519-BBC8-0F0F0FB579F7}.Debug|Any CPU.Build.0 = Debug|Any CPU
		{82C11A90-8990-4519-BBC8-0F0F0FB579F7}.Debug|ARM.ActiveCfg = Debug|Any CPU
		{82C11A90-8990-4519-BBC8-0F0F0FB579F7}.Debug|ARM.Build.0 = Debug|Any CPU
		{82C11A90-8990-4519-BBC8-0F0F0FB579F7}.Debug|ARM64.ActiveCfg = Debug|Any CPU
		{82C11A90-8990-4519-BBC8-0F0F0FB579F7}.Debug|ARM64.Build.0 = Debug|Any CPU
		{82C11A90-8990-4519-BBC8-0F0F0FB579F7}.Debug|x64.ActiveCfg = Debug|Any CPU
		{82C11A90-8990-4519-BBC8-0F0F0FB579F7}.Debug|x64.Build.0 = Debug|Any CPU
		{82C11A90-8990-4519-BBC8-0F0F0FB579F7}.Debug|x86.ActiveCfg = Debug|Any CPU
		{82C11A90-8990-4519-BBC8-0F0F0FB579F7}.Debug|x86.Build.0 = Debug|Any CPU
		{82C11A90-8990-4519-BBC8-0F0F0FB579F7}.Release|Any CPU.ActiveCfg = Release|Any CPU
		{82C11A90-8990-4519-BBC8-0F0F0FB579F7}.Release|Any CPU.Build.0 = Release|Any CPU
		{82C11A90-8990-4519-BBC8-0F0F0FB579F7}.Release|ARM.ActiveCfg = Release|Any CPU
		{82C11A90-8990-4519-BBC8-0F0F0FB579F7}.Release|ARM.Build.0 = Release|Any CPU
		{82C11A90-8990-4519-BBC8-0F0F0FB579F7}.Release|ARM64.ActiveCfg = Release|Any CPU
		{82C11A90-8990-4519-BBC8-0F0F0FB579F7}.Release|ARM64.Build.0 = Release|Any CPU
		{82C11A90-8990-4519-BBC8-0F0F0FB579F7}.Release|x64.ActiveCfg = Release|Any CPU
		{82C11A90-8990-4519-BBC8-0F0F0FB579F7}.Release|x64.Build.0 = Release|Any CPU
		{82C11A90-8990-4519-BBC8-0F0F0FB579F7}.Release|x86.ActiveCfg = Release|Any CPU
		{82C11A90-8990-4519-BBC8-0F0F0FB579F7}.Release|x86.Build.0 = Release|Any CPU
		{49CF28A5-E2E5-4943-8CF1-CA7687E0E5FF}.Debug|Any CPU.ActiveCfg = Debug|Any CPU
		{49CF28A5-E2E5-4943-8CF1-CA7687E0E5FF}.Debug|Any CPU.Build.0 = Debug|Any CPU
		{49CF28A5-E2E5-4943-8CF1-CA7687E0E5FF}.Debug|ARM.ActiveCfg = Debug|Any CPU
		{49CF28A5-E2E5-4943-8CF1-CA7687E0E5FF}.Debug|ARM.Build.0 = Debug|Any CPU
		{49CF28A5-E2E5-4943-8CF1-CA7687E0E5FF}.Debug|ARM64.ActiveCfg = Debug|Any CPU
		{49CF28A5-E2E5-4943-8CF1-CA7687E0E5FF}.Debug|ARM64.Build.0 = Debug|Any CPU
		{49CF28A5-E2E5-4943-8CF1-CA7687E0E5FF}.Debug|x64.ActiveCfg = Debug|Any CPU
		{49CF28A5-E2E5-4943-8CF1-CA7687E0E5FF}.Debug|x64.Build.0 = Debug|Any CPU
		{49CF28A5-E2E5-4943-8CF1-CA7687E0E5FF}.Debug|x86.ActiveCfg = Debug|Any CPU
		{49CF28A5-E2E5-4943-8CF1-CA7687E0E5FF}.Debug|x86.Build.0 = Debug|Any CPU
		{49CF28A5-E2E5-4943-8CF1-CA7687E0E5FF}.Release|Any CPU.ActiveCfg = Release|Any CPU
		{49CF28A5-E2E5-4943-8CF1-CA7687E0E5FF}.Release|Any CPU.Build.0 = Release|Any CPU
		{49CF28A5-E2E5-4943-8CF1-CA7687E0E5FF}.Release|ARM.ActiveCfg = Release|Any CPU
		{49CF28A5-E2E5-4943-8CF1-CA7687E0E5FF}.Release|ARM.Build.0 = Release|Any CPU
		{49CF28A5-E2E5-4943-8CF1-CA7687E0E5FF}.Release|ARM64.ActiveCfg = Release|Any CPU
		{49CF28A5-E2E5-4943-8CF1-CA7687E0E5FF}.Release|ARM64.Build.0 = Release|Any CPU
		{49CF28A5-E2E5-4943-8CF1-CA7687E0E5FF}.Release|x64.ActiveCfg = Release|Any CPU
		{49CF28A5-E2E5-4943-8CF1-CA7687E0E5FF}.Release|x64.Build.0 = Release|Any CPU
		{49CF28A5-E2E5-4943-8CF1-CA7687E0E5FF}.Release|x86.ActiveCfg = Release|Any CPU
		{49CF28A5-E2E5-4943-8CF1-CA7687E0E5FF}.Release|x86.Build.0 = Release|Any CPU
		{15E87993-7196-4B3F-B70C-F42912B0EB5A}.Debug|Any CPU.ActiveCfg = Debug|Any CPU
		{15E87993-7196-4B3F-B70C-F42912B0EB5A}.Debug|Any CPU.Build.0 = Debug|Any CPU
		{15E87993-7196-4B3F-B70C-F42912B0EB5A}.Debug|ARM.ActiveCfg = Debug|Any CPU
		{15E87993-7196-4B3F-B70C-F42912B0EB5A}.Debug|ARM.Build.0 = Debug|Any CPU
		{15E87993-7196-4B3F-B70C-F42912B0EB5A}.Debug|ARM64.ActiveCfg = Debug|Any CPU
		{15E87993-7196-4B3F-B70C-F42912B0EB5A}.Debug|ARM64.Build.0 = Debug|Any CPU
		{15E87993-7196-4B3F-B70C-F42912B0EB5A}.Debug|x64.ActiveCfg = Debug|Any CPU
		{15E87993-7196-4B3F-B70C-F42912B0EB5A}.Debug|x64.Build.0 = Debug|Any CPU
		{15E87993-7196-4B3F-B70C-F42912B0EB5A}.Debug|x86.ActiveCfg = Debug|Any CPU
		{15E87993-7196-4B3F-B70C-F42912B0EB5A}.Debug|x86.Build.0 = Debug|Any CPU
		{15E87993-7196-4B3F-B70C-F42912B0EB5A}.Release|Any CPU.ActiveCfg = Release|Any CPU
		{15E87993-7196-4B3F-B70C-F42912B0EB5A}.Release|Any CPU.Build.0 = Release|Any CPU
		{15E87993-7196-4B3F-B70C-F42912B0EB5A}.Release|ARM.ActiveCfg = Release|Any CPU
		{15E87993-7196-4B3F-B70C-F42912B0EB5A}.Release|ARM.Build.0 = Release|Any CPU
		{15E87993-7196-4B3F-B70C-F42912B0EB5A}.Release|ARM64.ActiveCfg = Release|Any CPU
		{15E87993-7196-4B3F-B70C-F42912B0EB5A}.Release|ARM64.Build.0 = Release|Any CPU
		{15E87993-7196-4B3F-B70C-F42912B0EB5A}.Release|x64.ActiveCfg = Release|Any CPU
		{15E87993-7196-4B3F-B70C-F42912B0EB5A}.Release|x64.Build.0 = Release|Any CPU
		{15E87993-7196-4B3F-B70C-F42912B0EB5A}.Release|x86.ActiveCfg = Release|Any CPU
		{15E87993-7196-4B3F-B70C-F42912B0EB5A}.Release|x86.Build.0 = Release|Any CPU
		{E6CBAAE2-19A0-79CF-BBEE-F0E052F4D7AB}.Debug|Any CPU.ActiveCfg = Debug|Any CPU
		{E6CBAAE2-19A0-79CF-BBEE-F0E052F4D7AB}.Debug|Any CPU.Build.0 = Debug|Any CPU
		{E6CBAAE2-19A0-79CF-BBEE-F0E052F4D7AB}.Debug|ARM.ActiveCfg = Debug|Any CPU
		{E6CBAAE2-19A0-79CF-BBEE-F0E052F4D7AB}.Debug|ARM.Build.0 = Debug|Any CPU
		{E6CBAAE2-19A0-79CF-BBEE-F0E052F4D7AB}.Debug|ARM64.ActiveCfg = Debug|Any CPU
		{E6CBAAE2-19A0-79CF-BBEE-F0E052F4D7AB}.Debug|ARM64.Build.0 = Debug|Any CPU
		{E6CBAAE2-19A0-79CF-BBEE-F0E052F4D7AB}.Debug|x64.ActiveCfg = Debug|Any CPU
		{E6CBAAE2-19A0-79CF-BBEE-F0E052F4D7AB}.Debug|x64.Build.0 = Debug|Any CPU
		{E6CBAAE2-19A0-79CF-BBEE-F0E052F4D7AB}.Debug|x86.ActiveCfg = Debug|Any CPU
		{E6CBAAE2-19A0-79CF-BBEE-F0E052F4D7AB}.Debug|x86.Build.0 = Debug|Any CPU
		{E6CBAAE2-19A0-79CF-BBEE-F0E052F4D7AB}.Release|Any CPU.ActiveCfg = Release|Any CPU
		{E6CBAAE2-19A0-79CF-BBEE-F0E052F4D7AB}.Release|Any CPU.Build.0 = Release|Any CPU
		{E6CBAAE2-19A0-79CF-BBEE-F0E052F4D7AB}.Release|ARM.ActiveCfg = Release|Any CPU
		{E6CBAAE2-19A0-79CF-BBEE-F0E052F4D7AB}.Release|ARM.Build.0 = Release|Any CPU
		{E6CBAAE2-19A0-79CF-BBEE-F0E052F4D7AB}.Release|ARM64.ActiveCfg = Release|Any CPU
		{E6CBAAE2-19A0-79CF-BBEE-F0E052F4D7AB}.Release|ARM64.Build.0 = Release|Any CPU
		{E6CBAAE2-19A0-79CF-BBEE-F0E052F4D7AB}.Release|x64.ActiveCfg = Release|Any CPU
		{E6CBAAE2-19A0-79CF-BBEE-F0E052F4D7AB}.Release|x64.Build.0 = Release|Any CPU
		{E6CBAAE2-19A0-79CF-BBEE-F0E052F4D7AB}.Release|x86.ActiveCfg = Release|Any CPU
		{E6CBAAE2-19A0-79CF-BBEE-F0E052F4D7AB}.Release|x86.Build.0 = Release|Any CPU
		{2971A244-27F5-4788-81C2-10CE2F4F07B4}.Debug|Any CPU.ActiveCfg = Debug|Any CPU
		{2971A244-27F5-4788-81C2-10CE2F4F07B4}.Debug|Any CPU.Build.0 = Debug|Any CPU
		{2971A244-27F5-4788-81C2-10CE2F4F07B4}.Debug|ARM.ActiveCfg = Debug|Any CPU
		{2971A244-27F5-4788-81C2-10CE2F4F07B4}.Debug|ARM.Build.0 = Debug|Any CPU
		{2971A244-27F5-4788-81C2-10CE2F4F07B4}.Debug|ARM64.ActiveCfg = Debug|Any CPU
		{2971A244-27F5-4788-81C2-10CE2F4F07B4}.Debug|ARM64.Build.0 = Debug|Any CPU
		{2971A244-27F5-4788-81C2-10CE2F4F07B4}.Debug|x64.ActiveCfg = Debug|Any CPU
		{2971A244-27F5-4788-81C2-10CE2F4F07B4}.Debug|x64.Build.0 = Debug|Any CPU
		{2971A244-27F5-4788-81C2-10CE2F4F07B4}.Debug|x86.ActiveCfg = Debug|Any CPU
		{2971A244-27F5-4788-81C2-10CE2F4F07B4}.Debug|x86.Build.0 = Debug|Any CPU
		{2971A244-27F5-4788-81C2-10CE2F4F07B4}.Release|Any CPU.ActiveCfg = Release|Any CPU
		{2971A244-27F5-4788-81C2-10CE2F4F07B4}.Release|Any CPU.Build.0 = Release|Any CPU
		{2971A244-27F5-4788-81C2-10CE2F4F07B4}.Release|ARM.ActiveCfg = Release|Any CPU
		{2971A244-27F5-4788-81C2-10CE2F4F07B4}.Release|ARM.Build.0 = Release|Any CPU
		{2971A244-27F5-4788-81C2-10CE2F4F07B4}.Release|ARM64.ActiveCfg = Release|Any CPU
		{2971A244-27F5-4788-81C2-10CE2F4F07B4}.Release|ARM64.Build.0 = Release|Any CPU
		{2971A244-27F5-4788-81C2-10CE2F4F07B4}.Release|x64.ActiveCfg = Release|Any CPU
		{2971A244-27F5-4788-81C2-10CE2F4F07B4}.Release|x64.Build.0 = Release|Any CPU
		{2971A244-27F5-4788-81C2-10CE2F4F07B4}.Release|x86.ActiveCfg = Release|Any CPU
		{2971A244-27F5-4788-81C2-10CE2F4F07B4}.Release|x86.Build.0 = Release|Any CPU
	EndGlobalSection
	GlobalSection(SolutionProperties) = preSolution
		HideSolutionNode = FALSE
	EndGlobalSection
	GlobalSection(ExtensibilityGlobals) = postSolution
		SolutionGuid = {CDF653D2-C36F-4F79-9365-5B21EAC7FA26}
	EndGlobalSection
EndGlobal
